# ArcBox asset lock — pins versions and checksums for reproducible builds.
#
# The [[tools]] section pins third-party and internal binaries:
#   - group "docker"/"kubernetes": downloaded to ~/.arcbox/runtime/bin/ and
#     exposed to the VM via VirtioFS. Used by both host CLI and guest daemon.
#   - group "desktop": host-only binaries embedded in the app bundle
#     (e.g. pstramp for PTY session isolation).
#
# The guest runtime binaries (dockerd, containerd, …) come from the boot
# manifest pinned under [boot], NOT from [[tools]]. Keep the "docker" tool
# below on the same version as the boot bundle's dockerd when bumping either
# side — the CLI tolerates an older daemon through API negotiation, but the
# two pins should only diverge for the short window between a bundle release
# and the [boot] bump.

[boot]
version = "0.8.2"
cdn = "https://boot.arcboxcdn.com"
manifest_sha256 = "0bf2db1815abc8ebc7291eff94199dfaa0e3a5af8e6a9cd160657f005725a431"

[[tools]]
name = "docker"
group = "docker"
version = "29.6.2"
arch.arm64.sha256 = "86f86ad4b2119ec55aa50224f15ceb4c94a198f8ae153bb32318d7da589749da"
arch.x86_64.sha256 = "9a72a1c1a331885aadf7948e3da8e3c5c88c5e813474bb82dce7cc72450487bf"

[[tools]]
name = "docker-buildx"
group = "docker"
version = "0.35.0"
arch.arm64.sha256 = "fedbcbd488dcdb46414c6119920d8186d406531a1157ceede4e857e25af77ff1"
arch.x86_64.sha256 = "7d53fd11deca2d4caebc5436c9eebece5c81c8bbc6d4b539cf30be5c133c38c7"

[[tools]]
name = "docker-compose"
group = "docker"
version = "5.3.1"
arch.arm64.sha256 = "32691ba1196d819fa68cbdc0aad9a5569e730a35ae40c6fdd8458110ecd69488"
arch.x86_64.sha256 = "56620a2e87e789147b9b1cc5d37eeecec2332e2cdf5c2d58a68f999f2dc416ca"

[[tools]]
name = "docker-credential-osxkeychain"
group = "docker"
version = "0.9.8"
arch.arm64.sha256 = "6fae515ffbc74f395af1b51c6f079ddb57895ed9e428e0bea3f6aff64e916b22"
arch.x86_64.sha256 = "0575a404c4ead8b5135a2482ece4dd142bde3cbd319433697e212bbea0afb100"

[[tools]]
name = "pstramp"
group = "desktop"
version = "0.2.0"
arch.arm64.sha256 = "48448a426bb994e45b603588b19b62629f07d6040f1501235e969c07ecc57413"
arch.x86_64.sha256 = "eb3cc921de1aed02348821f4a653705a33b012b6a1da7466e577673c5ce80609"

[[tools]]
name = "kubectl"
group = "kubernetes"
version = "1.36.3"
arch.arm64.sha256 = "fc8582acde13869a606730a79379d6515f30c68afcced0b5ac8789d5d002b7d6"
arch.x86_64.sha256 = "158b3b46cf74e8b6bd9b1d7cd30f665e3efb2bc1ec3c843ec925bcfdd2930de0"
