# ArcBox asset lock — pins versions and checksums for reproducible builds.
#
# The [[tools]] section pins third-party and internal binaries:
#   - group "docker"/"kubernetes": downloaded to ~/.arcbox/runtime/bin/ and
#     exposed to the VM via VirtioFS. Used by both host CLI and guest daemon.
#   - group "desktop": host-only binaries embedded in the app bundle
#     (e.g. pstramp for PTY session isolation).
#
# The guest runtime binaries (dockerd, containerd, …) come from the boot
# manifest pinned under [boot], NOT from [[tools]]. Keep the "docker" tool
# below on the same version as the boot bundle's dockerd when bumping either
# side — the CLI tolerates an older daemon through API negotiation, but the
# two pins should only diverge for the short window between a bundle release
# and the [boot] bump.

[boot]
version = "0.6.2"
cdn = "https://boot.arcboxcdn.com"
manifest_sha256 = "f82fa766db54d56c42e86ad831c92ab18cf7df0bc646d054f675f361284793de"

[[tools]]
name = "docker"
group = "docker"
version = "29.6.1"
arch.arm64.sha256 = "2e38a0fc5e90520f32bfa4b951984f4684e46042ef855ed2c6a98f015e4284ba"
arch.x86_64.sha256 = "4dd10d89a3481de4903a791f6ea84f30fc18b892e9ae8b8035b4d1ddd9351e73"

[[tools]]
name = "docker-buildx"
group = "docker"
version = "0.35.0"
arch.arm64.sha256 = "fedbcbd488dcdb46414c6119920d8186d406531a1157ceede4e857e25af77ff1"
arch.x86_64.sha256 = "7d53fd11deca2d4caebc5436c9eebece5c81c8bbc6d4b539cf30be5c133c38c7"

[[tools]]
name = "docker-compose"
group = "docker"
version = "5.3.1"
arch.arm64.sha256 = "32691ba1196d819fa68cbdc0aad9a5569e730a35ae40c6fdd8458110ecd69488"
arch.x86_64.sha256 = "56620a2e87e789147b9b1cc5d37eeecec2332e2cdf5c2d58a68f999f2dc416ca"

[[tools]]
name = "docker-credential-osxkeychain"
group = "docker"
version = "0.9.8"
arch.arm64.sha256 = "6fae515ffbc74f395af1b51c6f079ddb57895ed9e428e0bea3f6aff64e916b22"
arch.x86_64.sha256 = "0575a404c4ead8b5135a2482ece4dd142bde3cbd319433697e212bbea0afb100"

[[tools]]
name = "pstramp"
group = "desktop"
version = "0.2.0"
arch.arm64.sha256 = "48448a426bb994e45b603588b19b62629f07d6040f1501235e969c07ecc57413"
arch.x86_64.sha256 = "eb3cc921de1aed02348821f4a653705a33b012b6a1da7466e577673c5ce80609"

[[tools]]
name = "kubectl"
group = "kubernetes"
version = "1.36.2"
arch.arm64.sha256 = "4408c85c83fd3a31adaa555bdf3c7a6c81f74b19449a9060ba31ab91926f023d"
arch.x86_64.sha256 = "ce6c5e55cd17559e87e4fb5e73ebbbc2511bcf2b695d7a40c1b1461a9817d4b3"
